
Microsoft Visual Studio Solution File, Format Version 12.00
# Visual Studio Version 17
VisualStudioVersion = 17.8.34511.84
MinimumVisualStudioVersion = 10.0.40219.1
Project("{FAE04EC0-301F-11D3-BF4B-00C04F79EFBC}") = "CityInfo_API", "CityInfo_API\CityInfo_API.csproj", "{6EFF4BD7-EB56-4287-A429-C2883940B8F5}"
EndProject
Global
	GlobalSection(SolutionConfigurationPlatforms) = preSolution
		Debug|Any CPU = Debug|Any CPU
		Release|Any CPU = Release|Any CPU
	EndGlobalSection
	GlobalSection(ProjectConfigurationPlatforms) = postSolution
		{6EFF4BD7-EB56-4287-A429-C2883940B8F5}.Debug|Any CPU.ActiveCfg = Debug|Any CPU
		{6EFF4BD7-EB56-4287-A429-C2883940B8F5}.Debug|Any CPU.Build.0 = Debug|Any CPU
		{6EFF4BD7-EB56-4287-A429-C2883940B8F5}.Release|Any CPU.ActiveCfg = Release|Any CPU
		{6EFF4BD7-EB56-4287-A429-C2883940B8F5}.Release|Any CPU.Build.0 = Release|Any CPU
	EndGlobalSection
	GlobalSection(SolutionProperties) = preSolution
		HideSolutionNode = FALSE
	EndGlobalSection
	GlobalSection(ExtensibilityGlobals) = postSolution
		SolutionGuid = {D9A8CBAE-C2D2-484C-A007-223AD71FDD4B}
	EndGlobalSection
EndGlobal
